
Microsoft Visual Studio Solution File, Format Version 12.00
# Visual Studio Version 16
VisualStudioVersion = 16.0.32002.261
MinimumVisualStudioVersion = 10.0.40219.1
Project("{FAE04EC0-301F-11D3-BF4B-00C04F79EFBC}") = "Amazon", "Amazon\Amazon.csproj", "{5AD9406A-AF64-47DE-A7C3-80B7E6673783}"
EndProject
Global
	GlobalSection(SolutionConfigurationPlatforms) = preSolution
		Debug|Any CPU = Debug|Any CPU
		Release|Any CPU = Release|Any CPU
	EndGlobalSection
	GlobalSection(ProjectConfigurationPlatforms) = postSolution
		{5AD9406A-AF64-47DE-A7C3-80B7E6673783}.Debug|Any CPU.ActiveCfg = Debug|Any CPU
		{5AD9406A-AF64-47DE-A7C3-80B7E6673783}.Debug|Any CPU.Build.0 = Debug|Any CPU
		{5AD9406A-AF64-47DE-A7C3-80B7E6673783}.Release|Any CPU.ActiveCfg = Release|Any CPU
		{5AD9406A-AF64-47DE-A7C3-80B7E6673783}.Release|Any CPU.Build.0 = Release|Any CPU
	EndGlobalSection
	GlobalSection(SolutionProperties) = preSolution
		HideSolutionNode = FALSE
	EndGlobalSection
	GlobalSection(ExtensibilityGlobals) = postSolution
		SolutionGuid = {C418C7E4-C0E6-46F9-8F24-582609AB6444}
	EndGlobalSection
EndGlobal
